
Microsoft Visual Studio Solution File, Format Version 12.00
# Visual Studio Version 16
VisualStudioVersion = 16.0.30611.23
MinimumVisualStudioVersion = 10.0.40219.1
Project("{9A19103F-16F7-4668-BE54-9A1E7A4F7556}") = "SqlClient.SNILoader", "src\SqlClient.SNILoader\SqlClient.SNILoader.csproj", "{30EA548C-147D-46E4-91ED-F0410E1FE7B4}"
EndProject
Global
	GlobalSection(SolutionConfigurationPlatforms) = preSolution
		Debug|Any CPU = Debug|Any CPU
		Release|Any CPU = Release|Any CPU
	EndGlobalSection
	GlobalSection(ProjectConfigurationPlatforms) = postSolution
		{30EA548C-147D-46E4-91ED-F0410E1FE7B4}.Debug|Any CPU.ActiveCfg = Debug|Any CPU
		{30EA548C-147D-46E4-91ED-F0410E1FE7B4}.Debug|Any CPU.Build.0 = Debug|Any CPU
		{30EA548C-147D-46E4-91ED-F0410E1FE7B4}.Release|Any CPU.ActiveCfg = Release|Any CPU
		{30EA548C-147D-46E4-91ED-F0410E1FE7B4}.Release|Any CPU.Build.0 = Release|Any CPU
	EndGlobalSection
	GlobalSection(SolutionProperties) = preSolution
		HideSolutionNode = FALSE
	EndGlobalSection
	GlobalSection(ExtensibilityGlobals) = postSolution
		SolutionGuid = {A887E9F6-F9A3-4C45-8955-E433B382B1C1}
	EndGlobalSection
EndGlobal
